
Microsoft Visual Studio Solution File, Format Version 12.00
# Visual Studio Version 17
VisualStudioVersion = 17.8.34525.116
MinimumVisualStudioVersion = 10.0.40219.1
Project("{FAE04EC0-301F-11D3-BF4B-00C04F79EFBC}") = "FlashlightTool.Android", "FlashlightTool.Android\FlashlightTool.Android.csproj", "{C725EF76-D2A0-4957-83BB-8F675815A421}"
EndProject
Project("{FAE04EC0-301F-11D3-BF4B-00C04F79EFBC}") = "FlashlightTool", "FlashlightTool\FlashlightTool.csproj", "{9224F964-E08E-453E-9716-CDE3CCD10EED}"
EndProject
Global
	GlobalSection(SolutionConfigurationPlatforms) = preSolution
		Debug|Any CPU = Debug|Any CPU
		Release|Any CPU = Release|Any CPU
	EndGlobalSection
	GlobalSection(ProjectConfigurationPlatforms) = postSolution
		{C725EF76-D2A0-4957-83BB-8F675815A421}.Debug|Any CPU.ActiveCfg = Debug|Any CPU
		{C725EF76-D2A0-4957-83BB-8F675815A421}.Debug|Any CPU.Build.0 = Debug|Any CPU
		{C725EF76-D2A0-4957-83BB-8F675815A421}.Debug|Any CPU.Deploy.0 = Debug|Any CPU
		{C725EF76-D2A0-4957-83BB-8F675815A421}.Release|Any CPU.ActiveCfg = Release|Any CPU
		{C725EF76-D2A0-4957-83BB-8F675815A421}.Release|Any CPU.Build.0 = Release|Any CPU
		{C725EF76-D2A0-4957-83BB-8F675815A421}.Release|Any CPU.Deploy.0 = Release|Any CPU
		{9224F964-E08E-453E-9716-CDE3CCD10EED}.Debug|Any CPU.ActiveCfg = Debug|Any CPU
		{9224F964-E08E-453E-9716-CDE3CCD10EED}.Debug|Any CPU.Build.0 = Debug|Any CPU
		{9224F964-E08E-453E-9716-CDE3CCD10EED}.Debug|Any CPU.Deploy.0 = Debug|Any CPU
		{9224F964-E08E-453E-9716-CDE3CCD10EED}.Release|Any CPU.ActiveCfg = Release|Any CPU
		{9224F964-E08E-453E-9716-CDE3CCD10EED}.Release|Any CPU.Build.0 = Release|Any CPU
		{9224F964-E08E-453E-9716-CDE3CCD10EED}.Release|Any CPU.Deploy.0 = Release|Any CPU
	EndGlobalSection
	GlobalSection(SolutionProperties) = preSolution
		HideSolutionNode = FALSE
	EndGlobalSection
	GlobalSection(ExtensibilityGlobals) = postSolution
		SolutionGuid = {89BEB18E-8B58-4BC8-B809-DAC65CAE89A6}
	EndGlobalSection
EndGlobal
